
Microsoft Visual Studio Solution File, Format Version 12.00
# Visual Studio Version 17
VisualStudioVersion = 17.11.35208.52
MinimumVisualStudioVersion = 10.0.40219.1
Project("{FAE04EC0-301F-11D3-BF4B-00C04F79EFBC}") = "teste1", "teste1\teste1.csproj", "{BAD3D1AF-F55C-42F7-8B8E-8C6CCE2034B5}"
EndProject
Global
	GlobalSection(SolutionConfigurationPlatforms) = preSolution
		Debug|Any CPU = Debug|Any CPU
		Release|Any CPU = Release|Any CPU
	EndGlobalSection
	GlobalSection(ProjectConfigurationPlatforms) = postSolution
		{BAD3D1AF-F55C-42F7-8B8E-8C6CCE2034B5}.Debug|Any CPU.ActiveCfg = Debug|Any CPU
		{BAD3D1AF-F55C-42F7-8B8E-8C6CCE2034B5}.Debug|Any CPU.Build.0 = Debug|Any CPU
		{BAD3D1AF-F55C-42F7-8B8E-8C6CCE2034B5}.Release|Any CPU.ActiveCfg = Release|Any CPU
		{BAD3D1AF-F55C-42F7-8B8E-8C6CCE2034B5}.Release|Any CPU.Build.0 = Release|Any CPU
	EndGlobalSection
	GlobalSection(SolutionProperties) = preSolution
		HideSolutionNode = FALSE
	EndGlobalSection
	GlobalSection(ExtensibilityGlobals) = postSolution
		SolutionGuid = {0D72CF44-B831-4934-BD94-BE4515EC6620}
	EndGlobalSection
EndGlobal
